# fluxor.lock — generated, edit via `fluxor update`
# Pinned store artifacts: one [[artifact]] entry per resolved digest.

[[artifact]]
kind = "module"
name = "conn_demux"
project = "fluxor"
target = "bcm2712"
digest = "sha256:ee0715e3bba75c461352285a0744fb2698f1e2b3c8173ca1500f72f751b30431"
reference = "bcm2712/conn_demux:0.0.1"

[[artifact]]
kind = "module"
name = "conn_guard"
project = "fluxor"
target = "bcm2712"
digest = "sha256:a745f54b49e789ddfa95e051b6d5399b29239355ac2c4bffa5af1e7a6b9089e8"
reference = "bcm2712/conn_guard:0.0.1"

[[artifact]]
kind = "module"
name = "debug"
project = "fluxor"
target = "bcm2712"
digest = "sha256:f5ec7946c9b4c4c6893fe0d4a4d1d493ae14753b924f74997b61fdb20a338c47"
reference = "bcm2712/debug:0.0.1"

[[artifact]]
kind = "module"
name = "demux"
project = "fluxor"
target = "bcm2712"
digest = "sha256:7eb0519ccaadad9a948b3323ce1337ecc81ae31d243d55dbf8cbc56a957501d6"
reference = "bcm2712/demux:0.0.1"

[[artifact]]
kind = "module"
name = "dma_probe"
project = "fluxor"
target = "bcm2712"
digest = "sha256:7438015d95c75bf60012984512fb0eae0919a3f548c9883598d0133adfc4456b"
reference = "bcm2712/dma_probe:0.0.1"

[[artifact]]
kind = "module"
name = "dns"
project = "fluxor"
target = "bcm2712"
digest = "sha256:6ff5a6840784b494c6bccfdaa1d10db3af16a55b3cd2a27131f4f98e7a0c3cd1"
reference = "bcm2712/dns:0.0.1"

[[artifact]]
kind = "module"
name = "e810"
project = "fluxor"
target = "bcm2712"
digest = "sha256:8acb66c097f6330a8819266b7c6eb66fa7f4e3f16f92994e75e37aa526b071df"
reference = "bcm2712/e810:0.0.1"

[[artifact]]
kind = "module"
name = "echo_anchor"
project = "fluxor"
target = "bcm2712"
digest = "sha256:44f7234215fbedac8faad71b37fa26a514d6e1079b29fa59b5611264e5b986a8"
reference = "bcm2712/echo_anchor:0.0.1"

[[artifact]]
kind = "module"
name = "echo_worker"
project = "fluxor"
target = "bcm2712"
digest = "sha256:0ef4230380880786cbc50e2dc63348065eb9c6b946c5368011c8b60752f9dbde"
reference = "bcm2712/echo_worker:0.0.1"

[[artifact]]
kind = "module"
name = "eth_parser"
project = "fluxor"
target = "bcm2712"
digest = "sha256:ec6ba22d7d1c8a4ab77f05e31ae6176139da57cd56469901b217ac9917770efd"
reference = "bcm2712/eth_parser:0.0.1"

[[artifact]]
kind = "module"
name = "fat32"
project = "fluxor"
target = "bcm2712"
digest = "sha256:5db545ea4290882a95e7c5be68529ef915a9ca909bdf2b8adee1560448a4ae87"
reference = "bcm2712/fat32:0.0.1"

[[artifact]]
kind = "module"
name = "fs_bank"
project = "fluxor"
target = "bcm2712"
digest = "sha256:d0f325fe9b64566619e024faa65b3e050bb61bb00b204b8e6aa2434a02ec1d58"
reference = "bcm2712/fs_bank:0.0.1"

[[artifact]]
kind = "module"
name = "fs_tap"
project = "fluxor"
target = "bcm2712"
digest = "sha256:4e1c7f2009a53faa193ea2a9aeef862adca921c496f9be41463b97587f0f1f3e"
reference = "bcm2712/fs_tap:0.0.1"

[[artifact]]
kind = "module"
name = "gallery_stage"
project = "fluxor"
target = "bcm2712"
digest = "sha256:4f1f7322cb85f235e6c6a9d41782ca597dc1923c829e9123d5e1fc198252b3cd"
reference = "bcm2712/gallery_stage:0.0.1"

[[artifact]]
kind = "module"
name = "gesture"
project = "fluxor"
target = "bcm2712"
digest = "sha256:9d8abfc1c9665a73ea325ce4b19a3faf261875d92cc08be55eef9314e38f46b2"
reference = "bcm2712/gesture:0.0.1"

[[artifact]]
kind = "module"
name = "ip"
project = "fluxor"
target = "bcm2712"
digest = "sha256:db7a83fd8a6e196381c5d648f5438649db4945860d2933747af55ef2e94da05f"
reference = "bcm2712/ip:0.0.1"

[[artifact]]
kind = "module"
name = "iso_heap"
project = "fluxor"
target = "bcm2712"
digest = "sha256:248fa2574cb9bdab0ae52c3ca5eeedd10ca697468421c95c29d67c863c186ada"
reference = "bcm2712/iso_heap:0.0.1"

[[artifact]]
kind = "module"
name = "iso_probe"
project = "fluxor"
target = "bcm2712"
digest = "sha256:385acf4467d6c280f6e08dd652e7b717a96490f619aa957775a461d3cf58729e"
reference = "bcm2712/iso_probe:0.0.1"

[[artifact]]
kind = "module"
name = "iso_transform"
project = "fluxor"
target = "bcm2712"
digest = "sha256:9d90eed68c9b16e208e571e11f00a503b018532df8b56dda652aafbfd2d99abf"
reference = "bcm2712/iso_transform:0.0.1"

[[artifact]]
kind = "module"
name = "kv_store"
project = "fluxor"
target = "bcm2712"
digest = "sha256:9596fc78e08e37ae3107d812f65d5e18bd9354bcdec82747307908de292cd2f1"
reference = "bcm2712/kv_store:0.0.1"

[[artifact]]
kind = "module"
name = "load_gen"
project = "fluxor"
target = "bcm2712"
digest = "sha256:c80668347f00c8ddb8b9f3f32fe71c42635c09c1b40353b41a0c6471183edc91"
reference = "bcm2712/load_gen:0.0.1"

[[artifact]]
kind = "module"
name = "log_net"
project = "fluxor"
target = "bcm2712"
digest = "sha256:38c22c1d14c8cd116821cb1ab528bc33f36b73f9510c7e34c7513ddfcbe621d9"
reference = "bcm2712/log_net:0.0.1"

[[artifact]]
kind = "module"
name = "mem_ns"
project = "fluxor"
target = "bcm2712"
digest = "sha256:bff1ca4da8e0b13c88cce89b7277dbb0da6911860ccaec86603265ca214f7e07"
reference = "bcm2712/mem_ns:0.0.1"

[[artifact]]
kind = "module"
name = "monitor"
project = "fluxor"
target = "bcm2712"
digest = "sha256:5e63ea5e8cff6ff5840806ad63dbaee7f8749110c2b2670667ae812580edd863"
reference = "bcm2712/monitor:0.0.1"

[[artifact]]
kind = "module"
name = "mount"
project = "fluxor"
target = "bcm2712"
digest = "sha256:310133410a96fc420a28353e9964acf71c5168e86fb1dba123524a9c0d8c29ba"
reference = "bcm2712/mount:0.0.1"

[[artifact]]
kind = "module"
name = "mux_echo"
project = "fluxor"
target = "bcm2712"
digest = "sha256:225281e491dc64f14694f00ae39cf3ae80ea5311f791f1be3005cded1c935100"
reference = "bcm2712/mux_echo:0.0.1"

[[artifact]]
kind = "module"
name = "nvme"
project = "fluxor"
target = "bcm2712"
digest = "sha256:11b99b7cca59f9c754a4b3efe754fbf01a8426b279cc275626049ad8eeb91fa9"
reference = "bcm2712/nvme:0.0.1"

[[artifact]]
kind = "module"
name = "nvme_arena_probe"
project = "fluxor"
target = "bcm2712"
digest = "sha256:f0314a2d617120397cefed4b662d92ceac5ac8ae905348945d53cbef3629bc1a"
reference = "bcm2712/nvme_arena_probe:0.0.1"

[[artifact]]
kind = "module"
name = "nvme_perf_probe"
project = "fluxor"
target = "bcm2712"
digest = "sha256:d8e24e7ca2a45d7b7171040fa4e30a880a2a63bea327eb4ce01d9d6008fd4200"
reference = "bcm2712/nvme_perf_probe:0.0.1"

[[artifact]]
kind = "module"
name = "object_bank"
project = "fluxor"
target = "bcm2712"
digest = "sha256:a5b0db34a7be7e516ea5dd202b891675457e2a248c5a44851b9f5ebcc51c5838"
reference = "bcm2712/object_bank:0.0.1"

[[artifact]]
kind = "module"
name = "observe"
project = "fluxor"
target = "bcm2712"
digest = "sha256:eab92e4edcb623fa667aea9865347ce190456f5da86aed6558d19e182a946f6a"
reference = "bcm2712/observe:0.0.1"

[[artifact]]
kind = "module"
name = "ota_registry"
project = "fluxor"
target = "bcm2712"
digest = "sha256:953f8e05d2a11a27dddef1579013fef1fdb02050779a9c02470592176951d2c1"
reference = "bcm2712/ota_registry:0.0.1"

[[artifact]]
kind = "module"
name = "otel"
project = "fluxor"
target = "bcm2712"
digest = "sha256:2f83d93bdb655481396b76c71f44b9d02b1589c86c8be95ab6126d97a9863243"
reference = "bcm2712/otel:0.0.1"

[[artifact]]
kind = "module"
name = "panel_surface_traits"
project = "fluxor"
target = "bcm2712"
digest = "sha256:da03c0a5aa04371fcf4c397d74e69b1f7618677321d7949bdac4b6ec2ec8386e"
reference = "bcm2712/panel_surface_traits:0.0.1"

[[artifact]]
kind = "module"
name = "pause_driver"
project = "fluxor"
target = "bcm2712"
digest = "sha256:18c7a82005a830075a0bea1b951f0aa3127bfd8af6a023a6f22ff8e771ad2837"
reference = "bcm2712/pause_driver:0.0.1"

[[artifact]]
kind = "module"
name = "pause_probe"
project = "fluxor"
target = "bcm2712"
digest = "sha256:c0071e5fd70f7f88c9f148ae54ac675e7d8978e1749077795047a020ef549dba"
reference = "bcm2712/pause_probe:0.0.1"

[[artifact]]
kind = "module"
name = "pcie_scan"
project = "fluxor"
target = "bcm2712"
digest = "sha256:03b6a4d578634dbe8bc1e09eefe5439e94ece4321e3b63b052a0ae09a590f6fd"
reference = "bcm2712/pcie_scan:0.0.1"

[[artifact]]
kind = "module"
name = "pkt_filter"
project = "fluxor"
target = "bcm2712"
digest = "sha256:56aae9af6b121ab1015510cdcaaaf989646f4a1ebf21356f15db769a28830b24"
reference = "bcm2712/pkt_filter:0.0.1"

[[artifact]]
kind = "module"
name = "presentation_resolver"
project = "fluxor"
target = "bcm2712"
digest = "sha256:a4455ae14f64d7f1ff4a5c0cb645eb3fc52ed8d7ed98ba27fc9811e99a8d9e54"
reference = "bcm2712/presentation_resolver:0.0.1"

[[artifact]]
kind = "module"
name = "quic"
project = "fluxor"
target = "bcm2712"
digest = "sha256:601172634d789846c08a0cf8664697ae9cd607545d5fe146f90906c4901b111a"
reference = "bcm2712/quic:0.0.1"

[[artifact]]
kind = "module"
name = "reconfigure"
project = "fluxor"
target = "bcm2712"
digest = "sha256:2828bee61f99577c546285b3b6827216b70b9a1a5c4e3e2ade72f85fcaa1147d"
reference = "bcm2712/reconfigure:0.0.1"

[[artifact]]
kind = "module"
name = "remote_channel"
project = "fluxor"
target = "bcm2712"
digest = "sha256:5aac2b9badf80a8d79e9636d4a4b39f354b2fb90fbea62bbf8bd2e5789228410"
reference = "bcm2712/remote_channel:0.0.1"

[[artifact]]
kind = "module"
name = "rp1_gem"
project = "fluxor"
target = "bcm2712"
digest = "sha256:19baa587f3cf038245f3d8a0e76a973c8a7e6a49ef2e56a72c3f1162b105b09f"
reference = "bcm2712/rp1_gem:0.0.1"

[[artifact]]
kind = "module"
name = "smmu"
project = "fluxor"
target = "bcm2712"
digest = "sha256:5c63550bf6dab9f561a53938d5e7a577faf98fb8a85b2b53a70f82826e13cb42"
reference = "bcm2712/smmu:0.0.1"

[[artifact]]
kind = "module"
name = "synth_source"
project = "fluxor"
target = "bcm2712"
digest = "sha256:9effab98982e990472c18bd5c96edaef62721f028acb19804fd5d98b0dcadf09"
reference = "bcm2712/synth_source:0.0.1"

[[artifact]]
kind = "module"
name = "test_fault"
project = "fluxor"
target = "bcm2712"
digest = "sha256:10f8895ebb576be0f3ebae460202bde6fbb4d03ee635383342086c830c104ff4"
reference = "bcm2712/test_fault:0.0.1"

[[artifact]]
kind = "module"
name = "tier2_probe"
project = "fluxor"
target = "bcm2712"
digest = "sha256:8444d48e4180b8a48a92ad610de9bd36a043c6c0f2ae2171ced9cf96a784993d"
reference = "bcm2712/tier2_probe:0.0.1"

[[artifact]]
kind = "module"
name = "tls"
project = "fluxor"
target = "bcm2712"
digest = "sha256:3ea46d1c396bae2d55607de29a50376f41de75d8f0cf34bc0640bc6847f21320"
reference = "bcm2712/tls:0.0.1"

[[artifact]]
kind = "module"
name = "transport_buffer"
project = "fluxor"
target = "bcm2712"
digest = "sha256:0db852e275cac536dbb960dbe7e4b2afd4376e9f44ab250d8d426922513ac509"
reference = "bcm2712/transport_buffer:0.0.1"

[[artifact]]
kind = "module"
name = "usb_midi_host"
project = "fluxor"
target = "bcm2712"
digest = "sha256:ef1c3ab1dbd5fc5275ef16531e33206426552b0545a7491a09904e869f35ea1d"
reference = "bcm2712/usb_midi_host:0.0.1"

[[artifact]]
kind = "module"
name = "virtio_net"
project = "fluxor"
target = "bcm2712"
digest = "sha256:c21ffc2cc7eb914340c8f31f90d86bce2523dd98eff55f697755e31c49a87b30"
reference = "bcm2712/virtio_net:0.0.1"

[[artifact]]
kind = "module"
name = "wake_snk"
project = "fluxor"
target = "bcm2712"
digest = "sha256:27adc99a9f7f55dee8fc72bfd1b35bded9aee59f042e1ce020daf2c236c3da3a"
reference = "bcm2712/wake_snk:0.0.1"

[[artifact]]
kind = "module"
name = "wake_src"
project = "fluxor"
target = "bcm2712"
digest = "sha256:ed15fca0e718e8bd064c52077dc0d2ae9554135b6eb1baffefa5f6755c02eb7e"
reference = "bcm2712/wake_src:0.0.1"

[[artifact]]
kind = "module"
name = "http"
project = "wave"
target = "bcm2712"
digest = "sha256:adad45bb98db6b725d95bbf5b094c56ec6a627fa82fc3579eff967a1faed43c5"
reference = "bcm2712/http:0.0.1"

[[artifact]]
kind = "module"
name = "http-app"
project = "wave"
target = "bcm2712"
digest = "sha256:4bb8667ae81b9e04ea30b82645422a34063e794ac167a8dacce83fc979db05f1"
reference = "bcm2712/http-app:0.0.1"

[[artifact]]
kind = "module"
name = "http-h2"
project = "wave"
target = "bcm2712"
digest = "sha256:0748c03b40df336247c59c1043c95ca5a0728d62bfdbd1657b60309063444c85"
reference = "bcm2712/http-h2:0.0.1"

[[artifact]]
kind = "module"
name = "http-web"
project = "wave"
target = "bcm2712"
digest = "sha256:ab89ef380f14a9fccd232dcfe4f2c4ede44f6e5be81f1e5d733c5f844750a158"
reference = "bcm2712/http-web:0.0.1"

[[artifact]]
kind = "module"
name = "http_echo_app"
project = "wave"
target = "bcm2712"
digest = "sha256:67855c6c51b218164568a0dde9307e3da121ca1a891fb4bc978d9e646962ae06"
reference = "bcm2712/http_echo_app:0.0.1"

[[artifact]]
kind = "module"
name = "rtp"
project = "wave"
target = "bcm2712"
digest = "sha256:7125b23ef6932a1250139e8eb988542428c0db437a5ffce819d1eb93f319be30"
reference = "bcm2712/rtp:0.0.1"

[[artifact]]
kind = "module"
name = "s3"
project = "wave"
target = "bcm2712"
digest = "sha256:6c66369eb4458f000b4e7aed777173f1b421cebc73d7d32aa119cf1a42890c82"
reference = "bcm2712/s3:0.0.1"

[[artifact]]
kind = "module"
name = "sip"
project = "wave"
target = "bcm2712"
digest = "sha256:28b32c832b78f9e03a4580dec6e301455bff8ee96cff65acd60c4dbe1c39630c"
reference = "bcm2712/sip:0.0.1"

[[artifact]]
kind = "module"
name = "smtp"
project = "wave"
target = "bcm2712"
digest = "sha256:4a61eceb3a8d69db7d57351cba2284ddb2283426a5729c9e684826fb70fc8af0"
reference = "bcm2712/smtp:0.0.1"

[[artifact]]
kind = "module"
name = "websocket"
project = "wave"
target = "bcm2712"
digest = "sha256:38c2237e7ea6e1c1a84cbeeceb085c77d6b51229de6782a8559b1d2d0347c0d6"
reference = "bcm2712/websocket:0.0.1"

[[artifact]]
kind = "module"
name = "ws_stream"
project = "wave"
target = "bcm2712"
digest = "sha256:ad03a9933097c8808f92a3c44acd19b250a7971a7d3541e64c2d9bfbbdebf234"
reference = "bcm2712/ws_stream:0.0.1"

[[artifact]]
kind = "runtime"
name = "fluxor"
project = "fluxor"
target = "aarch64-unknown-linux-gnu"
digest = "sha256:01697dc1394bd5413955534192117390255a13c06d453e07b7ad4162b71a1907"
reference = "fluxor/run/fluxor-aarch64-unknown-linux-gnu:0.0.1"

[[artifact]]
kind = "runtime"
name = "fluxor-linux"
project = "fluxor"
target = "aarch64-unknown-linux-gnu"
digest = "sha256:1677b7a3e16aa48843055833129ee6479cea9121b174b47323e5964e91eb68d3"
reference = "fluxor/run/fluxor-linux-aarch64-unknown-linux-gnu:0.0.1"

[[artifact]]
kind = "source"
name = "fluxor-abi"
project = "fluxor"
digest = "sha256:db883d80d3905eaf1f398b8b3026143bfc8cbb2d2f303a3615c6a13307bff9eb"
reference = "fluxor/src/fluxor-abi:0.0.1"

[[artifact]]
kind = "source"
name = "fluxor-contracts"
project = "fluxor"
digest = "sha256:a167463a733be1f5cc2600efde588f31b18ecfa39a16439122f76670d1d7608b"
reference = "fluxor/src/fluxor-contracts:0.0.1"

[[artifact]]
kind = "source"
name = "wave-common"
project = "wave"
digest = "sha256:f58ef22088ff135b00e455ab0ea17ac6079801a2606de852142d5714e28119c8"
reference = "wave/src/wave-common:0.0.1"
